
Microsoft Visual Studio Solution File, Format Version 12.00
# Visual Studio Version 16
VisualStudioVersion = 16.0.31911.196
MinimumVisualStudioVersion = 10.0.40219.1
Project("{F2A71F9B-5D33-465A-A702-920D77279786}") = "goldenriver", "goldenriver\goldenriver.fsproj", "{5FD26DC0-7FD6-4CE2-A318-F3F406583A16}"
EndProject
Global
	GlobalSection(SolutionConfigurationPlatforms) = preSolution
		Debug|Any CPU = Debug|Any CPU
		Release|Any CPU = Release|Any CPU
	EndGlobalSection
	GlobalSection(ProjectConfigurationPlatforms) = postSolution
		{5FD26DC0-7FD6-4CE2-A318-F3F406583A16}.Debug|Any CPU.ActiveCfg = Debug|Any CPU
		{5FD26DC0-7FD6-4CE2-A318-F3F406583A16}.Debug|Any CPU.Build.0 = Debug|Any CPU
		{5FD26DC0-7FD6-4CE2-A318-F3F406583A16}.Release|Any CPU.ActiveCfg = Release|Any CPU
		{5FD26DC0-7FD6-4CE2-A318-F3F406583A16}.Release|Any CPU.Build.0 = Release|Any CPU
	EndGlobalSection
	GlobalSection(SolutionProperties) = preSolution
		HideSolutionNode = FALSE
	EndGlobalSection
	GlobalSection(ExtensibilityGlobals) = postSolution
		SolutionGuid = {D6DA41A6-59EB-4983-A297-EB54A9AC5B95}
	EndGlobalSection
EndGlobal
